
Microsoft Visual Studio Solution File, Format Version 12.00
# Visual Studio Version 16
VisualStudioVersion = 16.0.34301.259
MinimumVisualStudioVersion = 10.0.40219.1
Project("{9A19103F-16F7-4668-BE54-9A1E7A4F7556}") = "Products.Tests", "Products.Tests\Products.Tests.csproj", "{678CEBE4-163E-4E8C-A6B7-513B559984F4}"
EndProject
Project("{FAE04EC0-301F-11D3-BF4B-00C04F79EFBC}") = "ProductsConsoleApp", "ProductsConsoleApp\ProductsConsoleApp.csproj", "{C0DD4BEF-15AC-4417-B718-8B1161C7263A}"
EndProject
Global
	GlobalSection(SolutionConfigurationPlatforms) = preSolution
		Debug|Any CPU = Debug|Any CPU
		Release|Any CPU = Release|Any CPU
	EndGlobalSection
	GlobalSection(ProjectConfigurationPlatforms) = postSolution
		{678CEBE4-163E-4E8C-A6B7-513B559984F4}.Debug|Any CPU.ActiveCfg = Debug|Any CPU
		{678CEBE4-163E-4E8C-A6B7-513B559984F4}.Debug|Any CPU.Build.0 = Debug|Any CPU
		{678CEBE4-163E-4E8C-A6B7-513B559984F4}.Release|Any CPU.ActiveCfg = Release|Any CPU
		{678CEBE4-163E-4E8C-A6B7-513B559984F4}.Release|Any CPU.Build.0 = Release|Any CPU
		{C0DD4BEF-15AC-4417-B718-8B1161C7263A}.Debug|Any CPU.ActiveCfg = Debug|Any CPU
		{C0DD4BEF-15AC-4417-B718-8B1161C7263A}.Debug|Any CPU.Build.0 = Debug|Any CPU
		{C0DD4BEF-15AC-4417-B718-8B1161C7263A}.Release|Any CPU.ActiveCfg = Release|Any CPU
		{C0DD4BEF-15AC-4417-B718-8B1161C7263A}.Release|Any CPU.Build.0 = Release|Any CPU
	EndGlobalSection
	GlobalSection(SolutionProperties) = preSolution
		HideSolutionNode = FALSE
	EndGlobalSection
	GlobalSection(ExtensibilityGlobals) = postSolution
		SolutionGuid = {89623FBC-0B6C-4A6E-BEE7-C34357352236}
	EndGlobalSection
EndGlobal
